
Microsoft Visual Studio Solution File, Format Version 11.00
# Visual Studio 2010
Project("{FAE04EC0-301F-11D3-BF4B-00C04F79EFBC}") = "FolderSync", "FolderSync\FolderSync.csproj", "{CE52398F-4392-4C4B-9707-46ABC3BF9E95}"
EndProject
Global
	GlobalSection(SubversionScc) = preSolution
		Svn-Managed = True
		Manager = AnkhSVN - Subversion Support for Visual Studio
	EndGlobalSection
	GlobalSection(SolutionConfigurationPlatforms) = preSolution
		Debug|Any CPU = Debug|Any CPU
		Release|Any CPU = Release|Any CPU
	EndGlobalSection
	GlobalSection(ProjectConfigurationPlatforms) = postSolution
		{CE52398F-4392-4C4B-9707-46ABC3BF9E95}.Debug|Any CPU.ActiveCfg = Debug|Any CPU
		{CE52398F-4392-4C4B-9707-46ABC3BF9E95}.Debug|Any CPU.Build.0 = Debug|Any CPU
		{CE52398F-4392-4C4B-9707-46ABC3BF9E95}.Release|Any CPU.ActiveCfg = Release|Any CPU
		{CE52398F-4392-4C4B-9707-46ABC3BF9E95}.Release|Any CPU.Build.0 = Release|Any CPU
	EndGlobalSection
	GlobalSection(SolutionProperties) = preSolution
		HideSolutionNode = FALSE
	EndGlobalSection
EndGlobal
